
Microsoft Visual Studio Solution File, Format Version 12.00
# Visual Studio Version 17
VisualStudioVersion = 17.1.32319.34
MinimumVisualStudioVersion = 10.0.40219.1
Project("{2150E333-8FDC-42A3-9474-1A3956D46DE8}") = "Systems", "Systems", "{E2E97DEA-D32D-4215-842E-0943A450DC53}"
EndProject
Project("{2150E333-8FDC-42A3-9474-1A3956D46DE8}") = "Tests", "Tests", "{370D31E4-E32F-4F15-9A78-FE8EB0243B52}"
EndProject
Project("{2150E333-8FDC-42A3-9474-1A3956D46DE8}") = "Shared", "Shared", "{63B1780F-4578-4DDC-9688-150F233A30A5}"
EndProject
Project("{2150E333-8FDC-42A3-9474-1A3956D46DE8}") = "Services", "Services", "{D6D81A3D-B189-4161-AD4E-7932F759A7CF}"
EndProject
Project("{2150E333-8FDC-42A3-9474-1A3956D46DE8}") = "Data", "Data", "{90542FA9-5F1A-49EB-8865-1B18632069C6}"
EndProject
Project("{2150E333-8FDC-42A3-9474-1A3956D46DE8}") = "Identity", "Identity", "{B4DD1626-A02D-4C1A-AD7D-0C5613A77974}"
EndProject
Project("{2150E333-8FDC-42A3-9474-1A3956D46DE8}") = "Api", "Api", "{A08ABA15-B160-40D7-B64B-61912E21E803}"
EndProject
Project("{9A19103F-16F7-4668-BE54-9A1E7A4F7556}") = "PetProject.Api", "Systems\Api\PetProject.Api\PetProject.Api.csproj", "{E0F89C6F-6338-4E56-9222-98E1E825F88D}"
EndProject
Project("{9A19103F-16F7-4668-BE54-9A1E7A4F7556}") = "PetProject.Db.Entities", "Data\PetProject.Db.Entities\PetProject.Db.Entities.csproj", "{A8DE571D-8D4F-4450-A83C-881E1D362D57}"
EndProject
Project("{9A19103F-16F7-4668-BE54-9A1E7A4F7556}") = "PetProject.PetServices", "Services\PetProject.PetServices\PetProject.PetServices.csproj", "{DBACA5FD-5B5C-4AF8-B967-530C8265F6CD}"
EndProject
Project("{9A19103F-16F7-4668-BE54-9A1E7A4F7556}") = "PetProject.BreedServices", "Services\PetProject.BreedServices\PetProject.BreedServices.csproj", "{E3838EF3-7B68-49F0-8160-C49BCE6C29A2}"
EndProject
Project("{9A19103F-16F7-4668-BE54-9A1E7A4F7556}") = "PetProject.AdvertisementServices", "Services\PetProject.AdvertisementServices\PetProject.AdvertisementServices.csproj", "{4EB8FD70-A315-4DB9-9A82-930B7A297EC0}"
EndProject
Project("{9A19103F-16F7-4668-BE54-9A1E7A4F7556}") = "PetProject.ColorServices", "Services\PetProject.ColorServices\PetProject.ColorServices.csproj", "{39D0D45E-F6AB-4AB1-9AB1-75DF1624C236}"
EndProject
Project("{9A19103F-16F7-4668-BE54-9A1E7A4F7556}") = "PetProject.TypeServices", "Services\PetProject.TypeServices\PetProject.TypeServices.csproj", "{769747AB-B68A-496A-9B42-82BD75359069}"
EndProject
Project("{9A19103F-16F7-4668-BE54-9A1E7A4F7556}") = "PetProject.Settings", "Services\PetProject.Settings\PetProject.Settings.csproj", "{13077365-816C-4F17-BD05-84F7EB698D16}"
EndProject
Project("{9A19103F-16F7-4668-BE54-9A1E7A4F7556}") = "PetProject.EmailService", "Services\PetProject.EmailService\PetProject.EmailService.csproj", "{4C8D7933-6DE9-416D-82C5-198E03BEA07A}"
EndProject
Project("{9A19103F-16F7-4668-BE54-9A1E7A4F7556}") = "PetProject.RabbitMqService", "Services\PetProject.RabbitMqService\PetProject.RabbitMqService.csproj", "{07DEBA74-F9DF-4219-AEE9-1CE4D87C346E}"
EndProject
Project("{9A19103F-16F7-4668-BE54-9A1E7A4F7556}") = "PetProject.UserAccountService", "Services\PetProject.UserAccountService\PetProject.UserAccountService.csproj", "{593A3DF8-3DA0-41E7-99D1-7989C7BB0E76}"
EndProject
Project("{9A19103F-16F7-4668-BE54-9A1E7A4F7556}") = "PetProject.Shared.Common", "Shared\PetProject.Shared.Common\PetProject.Shared.Common.csproj", "{BEAFC71C-DB21-4E03-9E02-F7828180D7D4}"
EndProject
Project("{9A19103F-16F7-4668-BE54-9A1E7A4F7556}") = "PetProject.Identity", "Systems\Identity\PetProject.Identity\PetProject.Identity.csproj", "{E6062C38-BFBA-4D32-B27F-F3B8C08D30F8}"
EndProject
Project("{2150E333-8FDC-42A3-9474-1A3956D46DE8}") = "Web", "Web", "{30D1FE99-0409-46BA-B563-8BB6385AA921}"
EndProject
Project("{9A19103F-16F7-4668-BE54-9A1E7A4F7556}") = "PetProject.Web", "Systems\Web\PetProject.Web\PetProject.Web.csproj", "{384E6B64-D064-479C-9FE0-343E33DEB3BD}"
EndProject
Project("{2150E333-8FDC-42A3-9474-1A3956D46DE8}") = "App", "App", "{0AEDB249-CCA9-451B-A7C7-6A8D61BD7388}"
EndProject
Project("{E53339B2-1760-4266-BCC7-CA923CBCF16C}") = "docker-compose", "docker-compose.dcproj", "{95A65AEC-ECFC-4A06-A94D-DFFAF73DA120}"
EndProject
Project("{2150E333-8FDC-42A3-9474-1A3956D46DE8}") = "Worker", "Worker", "{68E69557-EAC6-4863-AC29-D526B2F56711}"
EndProject
Project("{9A19103F-16F7-4668-BE54-9A1E7A4F7556}") = "PetProject.Worker", "Systems\Worker\PetProject.Worker\PetProject.Worker.csproj", "{56E48A8B-BF8F-4DB0-848D-E6B76F0CB439}"
EndProject
Project("{9A19103F-16F7-4668-BE54-9A1E7A4F7556}") = "PetProject.Db.Context", "Data\PetProject.Db.Context\PetProject.Db.Context.csproj", "{06B292CB-99CC-413F-8E98-9A1F3423FAB5}"
EndProject
Global
	GlobalSection(SolutionConfigurationPlatforms) = preSolution
		Debug|Any CPU = Debug|Any CPU
		Release|Any CPU = Release|Any CPU
	EndGlobalSection
	GlobalSection(ProjectConfigurationPlatforms) = postSolution
		{E0F89C6F-6338-4E56-9222-98E1E825F88D}.Debug|Any CPU.ActiveCfg = Debug|Any CPU
		{E0F89C6F-6338-4E56-9222-98E1E825F88D}.Debug|Any CPU.Build.0 = Debug|Any CPU
		{E0F89C6F-6338-4E56-9222-98E1E825F88D}.Release|Any CPU.ActiveCfg = Release|Any CPU
		{E0F89C6F-6338-4E56-9222-98E1E825F88D}.Release|Any CPU.Build.0 = Release|Any CPU
		{A8DE571D-8D4F-4450-A83C-881E1D362D57}.Debug|Any CPU.ActiveCfg = Debug|Any CPU
		{A8DE571D-8D4F-4450-A83C-881E1D362D57}.Debug|Any CPU.Build.0 = Debug|Any CPU
		{A8DE571D-8D4F-4450-A83C-881E1D362D57}.Release|Any CPU.ActiveCfg = Release|Any CPU
		{A8DE571D-8D4F-4450-A83C-881E1D362D57}.Release|Any CPU.Build.0 = Release|Any CPU
		{DBACA5FD-5B5C-4AF8-B967-530C8265F6CD}.Debug|Any CPU.ActiveCfg = Debug|Any CPU
		{DBACA5FD-5B5C-4AF8-B967-530C8265F6CD}.Debug|Any CPU.Build.0 = Debug|Any CPU
		{DBACA5FD-5B5C-4AF8-B967-530C8265F6CD}.Release|Any CPU.ActiveCfg = Release|Any CPU
		{DBACA5FD-5B5C-4AF8-B967-530C8265F6CD}.Release|Any CPU.Build.0 = Release|Any CPU
		{E3838EF3-7B68-49F0-8160-C49BCE6C29A2}.Debug|Any CPU.ActiveCfg = Debug|Any CPU
		{E3838EF3-7B68-49F0-8160-C49BCE6C29A2}.Debug|Any CPU.Build.0 = Debug|Any CPU
		{E3838EF3-7B68-49F0-8160-C49BCE6C29A2}.Release|Any CPU.ActiveCfg = Release|Any CPU
		{E3838EF3-7B68-49F0-8160-C49BCE6C29A2}.Release|Any CPU.Build.0 = Release|Any CPU
		{4EB8FD70-A315-4DB9-9A82-930B7A297EC0}.Debug|Any CPU.ActiveCfg = Debug|Any CPU
		{4EB8FD70-A315-4DB9-9A82-930B7A297EC0}.Debug|Any CPU.Build.0 = Debug|Any CPU
		{4EB8FD70-A315-4DB9-9A82-930B7A297EC0}.Release|Any CPU.ActiveCfg = Release|Any CPU
		{4EB8FD70-A315-4DB9-9A82-930B7A297EC0}.Release|Any CPU.Build.0 = Release|Any CPU
		{39D0D45E-F6AB-4AB1-9AB1-75DF1624C236}.Debug|Any CPU.ActiveCfg = Debug|Any CPU
		{39D0D45E-F6AB-4AB1-9AB1-75DF1624C236}.Debug|Any CPU.Build.0 = Debug|Any CPU
		{39D0D45E-F6AB-4AB1-9AB1-75DF1624C236}.Release|Any CPU.ActiveCfg = Release|Any CPU
		{39D0D45E-F6AB-4AB1-9AB1-75DF1624C236}.Release|Any CPU.Build.0 = Release|Any CPU
		{769747AB-B68A-496A-9B42-82BD75359069}.Debug|Any CPU.ActiveCfg = Debug|Any CPU
		{769747AB-B68A-496A-9B42-82BD75359069}.Debug|Any CPU.Build.0 = Debug|Any CPU
		{769747AB-B68A-496A-9B42-82BD75359069}.Release|Any CPU.ActiveCfg = Release|Any CPU
		{769747AB-B68A-496A-9B42-82BD75359069}.Release|Any CPU.Build.0 = Release|Any CPU
		{13077365-816C-4F17-BD05-84F7EB698D16}.Debug|Any CPU.ActiveCfg = Debug|Any CPU
		{13077365-816C-4F17-BD05-84F7EB698D16}.Debug|Any CPU.Build.0 = Debug|Any CPU
		{13077365-816C-4F17-BD05-84F7EB698D16}.Release|Any CPU.ActiveCfg = Release|Any CPU
		{13077365-816C-4F17-BD05-84F7EB698D16}.Release|Any CPU.Build.0 = Release|Any CPU
		{4C8D7933-6DE9-416D-82C5-198E03BEA07A}.Debug|Any CPU.ActiveCfg = Debug|Any CPU
		{4C8D7933-6DE9-416D-82C5-198E03BEA07A}.Debug|Any CPU.Build.0 = Debug|Any CPU
		{4C8D7933-6DE9-416D-82C5-198E03BEA07A}.Release|Any CPU.ActiveCfg = Release|Any CPU
		{4C8D7933-6DE9-416D-82C5-198E03BEA07A}.Release|Any CPU.Build.0 = Release|Any CPU
		{07DEBA74-F9DF-4219-AEE9-1CE4D87C346E}.Debug|Any CPU.ActiveCfg = Debug|Any CPU
		{07DEBA74-F9DF-4219-AEE9-1CE4D87C346E}.Debug|Any CPU.Build.0 = Debug|Any CPU
		{07DEBA74-F9DF-4219-AEE9-1CE4D87C346E}.Release|Any CPU.ActiveCfg = Release|Any CPU
		{07DEBA74-F9DF-4219-AEE9-1CE4D87C346E}.Release|Any CPU.Build.0 = Release|Any CPU
		{593A3DF8-3DA0-41E7-99D1-7989C7BB0E76}.Debug|Any CPU.ActiveCfg = Debug|Any CPU
		{593A3DF8-3DA0-41E7-99D1-7989C7BB0E76}.Debug|Any CPU.Build.0 = Debug|Any CPU
		{593A3DF8-3DA0-41E7-99D1-7989C7BB0E76}.Release|Any CPU.ActiveCfg = Release|Any CPU
		{593A3DF8-3DA0-41E7-99D1-7989C7BB0E76}.Release|Any CPU.Build.0 = Release|Any CPU
		{BEAFC71C-DB21-4E03-9E02-F7828180D7D4}.Debug|Any CPU.ActiveCfg = Debug|Any CPU
		{BEAFC71C-DB21-4E03-9E02-F7828180D7D4}.Debug|Any CPU.Build.0 = Debug|Any CPU
		{BEAFC71C-DB21-4E03-9E02-F7828180D7D4}.Release|Any CPU.ActiveCfg = Release|Any CPU
		{BEAFC71C-DB21-4E03-9E02-F7828180D7D4}.Release|Any CPU.Build.0 = Release|Any CPU
		{E6062C38-BFBA-4D32-B27F-F3B8C08D30F8}.Debug|Any CPU.ActiveCfg = Debug|Any CPU
		{E6062C38-BFBA-4D32-B27F-F3B8C08D30F8}.Debug|Any CPU.Build.0 = Debug|Any CPU
		{E6062C38-BFBA-4D32-B27F-F3B8C08D30F8}.Release|Any CPU.ActiveCfg = Release|Any CPU
		{E6062C38-BFBA-4D32-B27F-F3B8C08D30F8}.Release|Any CPU.Build.0 = Release|Any CPU
		{384E6B64-D064-479C-9FE0-343E33DEB3BD}.Debug|Any CPU.ActiveCfg = Debug|Any CPU
		{384E6B64-D064-479C-9FE0-343E33DEB3BD}.Debug|Any CPU.Build.0 = Debug|Any CPU
		{384E6B64-D064-479C-9FE0-343E33DEB3BD}.Release|Any CPU.ActiveCfg = Release|Any CPU
		{384E6B64-D064-479C-9FE0-343E33DEB3BD}.Release|Any CPU.Build.0 = Release|Any CPU
		{95A65AEC-ECFC-4A06-A94D-DFFAF73DA120}.Debug|Any CPU.ActiveCfg = Debug|Any CPU
		{95A65AEC-ECFC-4A06-A94D-DFFAF73DA120}.Debug|Any CPU.Build.0 = Debug|Any CPU
		{95A65AEC-ECFC-4A06-A94D-DFFAF73DA120}.Release|Any CPU.ActiveCfg = Release|Any CPU
		{95A65AEC-ECFC-4A06-A94D-DFFAF73DA120}.Release|Any CPU.Build.0 = Release|Any CPU
		{56E48A8B-BF8F-4DB0-848D-E6B76F0CB439}.Debug|Any CPU.ActiveCfg = Debug|Any CPU
		{56E48A8B-BF8F-4DB0-848D-E6B76F0CB439}.Debug|Any CPU.Build.0 = Debug|Any CPU
		{56E48A8B-BF8F-4DB0-848D-E6B76F0CB439}.Release|Any CPU.ActiveCfg = Release|Any CPU
		{56E48A8B-BF8F-4DB0-848D-E6B76F0CB439}.Release|Any CPU.Build.0 = Release|Any CPU
		{06B292CB-99CC-413F-8E98-9A1F3423FAB5}.Debug|Any CPU.ActiveCfg = Debug|Any CPU
		{06B292CB-99CC-413F-8E98-9A1F3423FAB5}.Debug|Any CPU.Build.0 = Debug|Any CPU
		{06B292CB-99CC-413F-8E98-9A1F3423FAB5}.Release|Any CPU.ActiveCfg = Release|Any CPU
		{06B292CB-99CC-413F-8E98-9A1F3423FAB5}.Release|Any CPU.Build.0 = Release|Any CPU
	EndGlobalSection
	GlobalSection(SolutionProperties) = preSolution
		HideSolutionNode = FALSE
	EndGlobalSection
	GlobalSection(NestedProjects) = preSolution
		{B4DD1626-A02D-4C1A-AD7D-0C5613A77974} = {E2E97DEA-D32D-4215-842E-0943A450DC53}
		{A08ABA15-B160-40D7-B64B-61912E21E803} = {E2E97DEA-D32D-4215-842E-0943A450DC53}
		{E0F89C6F-6338-4E56-9222-98E1E825F88D} = {A08ABA15-B160-40D7-B64B-61912E21E803}
		{A8DE571D-8D4F-4450-A83C-881E1D362D57} = {90542FA9-5F1A-49EB-8865-1B18632069C6}
		{DBACA5FD-5B5C-4AF8-B967-530C8265F6CD} = {D6D81A3D-B189-4161-AD4E-7932F759A7CF}
		{E3838EF3-7B68-49F0-8160-C49BCE6C29A2} = {D6D81A3D-B189-4161-AD4E-7932F759A7CF}
		{4EB8FD70-A315-4DB9-9A82-930B7A297EC0} = {D6D81A3D-B189-4161-AD4E-7932F759A7CF}
		{39D0D45E-F6AB-4AB1-9AB1-75DF1624C236} = {D6D81A3D-B189-4161-AD4E-7932F759A7CF}
		{769747AB-B68A-496A-9B42-82BD75359069} = {D6D81A3D-B189-4161-AD4E-7932F759A7CF}
		{13077365-816C-4F17-BD05-84F7EB698D16} = {D6D81A3D-B189-4161-AD4E-7932F759A7CF}
		{4C8D7933-6DE9-416D-82C5-198E03BEA07A} = {D6D81A3D-B189-4161-AD4E-7932F759A7CF}
		{07DEBA74-F9DF-4219-AEE9-1CE4D87C346E} = {D6D81A3D-B189-4161-AD4E-7932F759A7CF}
		{593A3DF8-3DA0-41E7-99D1-7989C7BB0E76} = {D6D81A3D-B189-4161-AD4E-7932F759A7CF}
		{BEAFC71C-DB21-4E03-9E02-F7828180D7D4} = {63B1780F-4578-4DDC-9688-150F233A30A5}
		{E6062C38-BFBA-4D32-B27F-F3B8C08D30F8} = {B4DD1626-A02D-4C1A-AD7D-0C5613A77974}
		{30D1FE99-0409-46BA-B563-8BB6385AA921} = {E2E97DEA-D32D-4215-842E-0943A450DC53}
		{384E6B64-D064-479C-9FE0-343E33DEB3BD} = {30D1FE99-0409-46BA-B563-8BB6385AA921}
		{95A65AEC-ECFC-4A06-A94D-DFFAF73DA120} = {0AEDB249-CCA9-451B-A7C7-6A8D61BD7388}
		{68E69557-EAC6-4863-AC29-D526B2F56711} = {E2E97DEA-D32D-4215-842E-0943A450DC53}
		{56E48A8B-BF8F-4DB0-848D-E6B76F0CB439} = {68E69557-EAC6-4863-AC29-D526B2F56711}
		{06B292CB-99CC-413F-8E98-9A1F3423FAB5} = {90542FA9-5F1A-49EB-8865-1B18632069C6}
	EndGlobalSection
	GlobalSection(ExtensibilityGlobals) = postSolution
		SolutionGuid = {6A53E8CD-2BD0-462B-AA39-F3226ED7E8B1}
	EndGlobalSection
EndGlobal
